
Microsoft Visual Studio Solution File, Format Version 12.00
# Visual Studio Version 16
VisualStudioVersion = 16.0.31515.178
MinimumVisualStudioVersion = 10.0.40219.1
Project("{9A19103F-16F7-4668-BE54-9A1E7A4F7556}") = "CBA.MovieApp.Api", "CBA.MovieApp.Api\CBA.MovieApp.Api.csproj", "{F7AB3B9B-A4EF-4C3F-B189-EEA092760E89}"
EndProject
Project("{9A19103F-16F7-4668-BE54-9A1E7A4F7556}") = "CBA.MovieApp.Infrastructure", "CBA.MovieApp.Infrastructure\CBA.MovieApp.Infrastructure.csproj", "{0EDF6397-6FE8-4753-BAD5-8C6B0D4E7400}"
EndProject
Project("{9A19103F-16F7-4668-BE54-9A1E7A4F7556}") = "CBA.MovieApp.Common", "CBA.MovieApp.Common\CBA.MovieApp.Common.csproj", "{136018C8-64ED-46E3-A130-FF38E42F77FE}"
EndProject
Project("{9A19103F-16F7-4668-BE54-9A1E7A4F7556}") = "CBA.MovieApp.Core", "CBA.MovieApp.Core\CBA.MovieApp.Core.csproj", "{44BFD8E5-6807-4FA7-984D-4E47FCC5820B}"
EndProject
Project("{FAE04EC0-301F-11D3-BF4B-00C04F79EFBC}") = "CBA.MovieApp.Test", "CBA.MovieApp.Test\CBA.MovieApp.Test.csproj", "{77B025BC-157E-4B28-B23F-ABEC80EC58D7}"
EndProject
Global
	GlobalSection(SolutionConfigurationPlatforms) = preSolution
		Debug|Any CPU = Debug|Any CPU
		Release|Any CPU = Release|Any CPU
	EndGlobalSection
	GlobalSection(ProjectConfigurationPlatforms) = postSolution
		{F7AB3B9B-A4EF-4C3F-B189-EEA092760E89}.Debug|Any CPU.ActiveCfg = Debug|Any CPU
		{F7AB3B9B-A4EF-4C3F-B189-EEA092760E89}.Debug|Any CPU.Build.0 = Debug|Any CPU
		{F7AB3B9B-A4EF-4C3F-B189-EEA092760E89}.Release|Any CPU.ActiveCfg = Release|Any CPU
		{F7AB3B9B-A4EF-4C3F-B189-EEA092760E89}.Release|Any CPU.Build.0 = Release|Any CPU
		{0EDF6397-6FE8-4753-BAD5-8C6B0D4E7400}.Debug|Any CPU.ActiveCfg = Debug|Any CPU
		{0EDF6397-6FE8-4753-BAD5-8C6B0D4E7400}.Debug|Any CPU.Build.0 = Debug|Any CPU
		{0EDF6397-6FE8-4753-BAD5-8C6B0D4E7400}.Release|Any CPU.ActiveCfg = Release|Any CPU
		{0EDF6397-6FE8-4753-BAD5-8C6B0D4E7400}.Release|Any CPU.Build.0 = Release|Any CPU
		{136018C8-64ED-46E3-A130-FF38E42F77FE}.Debug|Any CPU.ActiveCfg = Debug|Any CPU
		{136018C8-64ED-46E3-A130-FF38E42F77FE}.Debug|Any CPU.Build.0 = Debug|Any CPU
		{136018C8-64ED-46E3-A130-FF38E42F77FE}.Release|Any CPU.ActiveCfg = Release|Any CPU
		{136018C8-64ED-46E3-A130-FF38E42F77FE}.Release|Any CPU.Build.0 = Release|Any CPU
		{44BFD8E5-6807-4FA7-984D-4E47FCC5820B}.Debug|Any CPU.ActiveCfg = Debug|Any CPU
		{44BFD8E5-6807-4FA7-984D-4E47FCC5820B}.Debug|Any CPU.Build.0 = Debug|Any CPU
		{44BFD8E5-6807-4FA7-984D-4E47FCC5820B}.Release|Any CPU.ActiveCfg = Release|Any CPU
		{44BFD8E5-6807-4FA7-984D-4E47FCC5820B}.Release|Any CPU.Build.0 = Release|Any CPU
		{77B025BC-157E-4B28-B23F-ABEC80EC58D7}.Debug|Any CPU.ActiveCfg = Debug|Any CPU
		{77B025BC-157E-4B28-B23F-ABEC80EC58D7}.Debug|Any CPU.Build.0 = Debug|Any CPU
		{77B025BC-157E-4B28-B23F-ABEC80EC58D7}.Release|Any CPU.ActiveCfg = Release|Any CPU
		{77B025BC-157E-4B28-B23F-ABEC80EC58D7}.Release|Any CPU.Build.0 = Release|Any CPU
	EndGlobalSection
	GlobalSection(SolutionProperties) = preSolution
		HideSolutionNode = FALSE
	EndGlobalSection
	GlobalSection(ExtensibilityGlobals) = postSolution
		SolutionGuid = {4DAF81F2-4DE7-4A98-AA3E-EAA538F365CF}
	EndGlobalSection
EndGlobal
